
Microsoft Visual Studio Solution File, Format Version 12.00
# Visual Studio Version 16
VisualStudioVersion = 16.0.32901.82
MinimumVisualStudioVersion = 10.0.40219.1
Project("{FAE04EC0-301F-11D3-BF4B-00C04F79EFBC}") = "Tahi", "Tahi.csproj", "{83CE753B-2EEE-42C9-B5CE-A844114E8C2D}"
EndProject
Global
	GlobalSection(SolutionConfigurationPlatforms) = preSolution
		Debug|Any CPU = Debug|Any CPU
		Release|Any CPU = Release|Any CPU
	EndGlobalSection
	GlobalSection(ProjectConfigurationPlatforms) = postSolution
		{83CE753B-2EEE-42C9-B5CE-A844114E8C2D}.Debug|Any CPU.ActiveCfg = Debug|Any CPU
		{83CE753B-2EEE-42C9-B5CE-A844114E8C2D}.Debug|Any CPU.Build.0 = Debug|Any CPU
		{83CE753B-2EEE-42C9-B5CE-A844114E8C2D}.Release|Any CPU.ActiveCfg = Release|Any CPU
		{83CE753B-2EEE-42C9-B5CE-A844114E8C2D}.Release|Any CPU.Build.0 = Release|Any CPU
	EndGlobalSection
	GlobalSection(SolutionProperties) = preSolution
		HideSolutionNode = FALSE
	EndGlobalSection
	GlobalSection(ExtensibilityGlobals) = postSolution
		SolutionGuid = {200D874F-2627-4D46-BC78-FA99F3535FF2}
	EndGlobalSection
EndGlobal
